
Microsoft Visual Studio Solution File, Format Version 12.00
# Visual Studio Version 16
VisualStudioVersion = 16.0.30114.105
MinimumVisualStudioVersion = 10.0.40219.1
Project("{FAE04EC0-301F-11D3-BF4B-00C04F79EFBC}") = "OpenIDConnect.AZ204", "OpenIDConnect.AZ204.csproj", "{5FC23CA0-F936-4719-A376-29DEEFF8207F}"
EndProject
Project("{2150E333-8FDC-42A3-9474-1A3956D46DE8}") = ".github", ".github", "{E2E40C0A-7E1E-42F2-818E-A1AE1939F179}"
EndProject
Project("{2150E333-8FDC-42A3-9474-1A3956D46DE8}") = "workflows", "workflows", "{9FE1CB42-087F-49A3-91EC-113C253483AE}"
	ProjectSection(SolutionItems) = preProject
		.github\workflows\run-build-and-test-dotnet.yml = .github\workflows\run-build-and-test-dotnet.yml
	EndProjectSection
EndProject
Project("{2150E333-8FDC-42A3-9474-1A3956D46DE8}") = "items", "items", "{5425C706-1DD3-43DC-9D52-4B4ECE0EB064}"
	ProjectSection(SolutionItems) = preProject
		.gitattributes = .gitattributes
		.gitignore = .gitignore
		README.md = README.md
	EndProjectSection
EndProject
Project("{2150E333-8FDC-42A3-9474-1A3956D46DE8}") = "img", "img", "{BA1D32EC-27BF-4B4C-9596-31387AAE8DF5}"
	ProjectSection(SolutionItems) = preProject
		img\01_add_platform.PNG = img\01_add_platform.PNG
		img\02_add_platform.PNG = img\02_add_platform.PNG
		img\03_new_user_in_portal.PNG = img\03_new_user_in_portal.PNG
		img\04_multi_tenant_app_registration.PNG = img\04_multi_tenant_app_registration.PNG
		img\Lab06-Diagram.png = img\Lab06-Diagram.png
	EndProjectSection
EndProject
Global
	GlobalSection(SolutionConfigurationPlatforms) = preSolution
		Debug|Any CPU = Debug|Any CPU
		Release|Any CPU = Release|Any CPU
	EndGlobalSection
	GlobalSection(SolutionProperties) = preSolution
		HideSolutionNode = FALSE
	EndGlobalSection
	GlobalSection(ProjectConfigurationPlatforms) = postSolution
		{5FC23CA0-F936-4719-A376-29DEEFF8207F}.Debug|Any CPU.ActiveCfg = Debug|Any CPU
		{5FC23CA0-F936-4719-A376-29DEEFF8207F}.Debug|Any CPU.Build.0 = Debug|Any CPU
		{5FC23CA0-F936-4719-A376-29DEEFF8207F}.Release|Any CPU.ActiveCfg = Release|Any CPU
		{5FC23CA0-F936-4719-A376-29DEEFF8207F}.Release|Any CPU.Build.0 = Release|Any CPU
	EndGlobalSection
	GlobalSection(NestedProjects) = preSolution
		{9FE1CB42-087F-49A3-91EC-113C253483AE} = {E2E40C0A-7E1E-42F2-818E-A1AE1939F179}
	EndGlobalSection
EndGlobal
